
Microsoft Visual Studio Solution File, Format Version 12.00
# Visual Studio 15
VisualStudioVersion = 15.0.27130.2027
MinimumVisualStudioVersion = 10.0.40219.1
Project("{9A19103F-16F7-4668-BE54-9A1E7A4F7556}") = "RazorPageTest", "RazorPageTest\RazorPageTest.csproj", "{D7ABCA1E-B033-4783-9658-C6757B6BD38F}"
EndProject
Project("{FAE04EC0-301F-11D3-BF4B-00C04F79EFBC}") = "CompilerApp", "CompilerApp\CompilerApp.csproj", "{0148210E-6601-4EB7-92A2-9162E7FA0DEA}"
EndProject
Global
	GlobalSection(SolutionConfigurationPlatforms) = preSolution
		Debug|Any CPU = Debug|Any CPU
		Release|Any CPU = Release|Any CPU
	EndGlobalSection
	GlobalSection(ProjectConfigurationPlatforms) = postSolution
		{D7ABCA1E-B033-4783-9658-C6757B6BD38F}.Debug|Any CPU.ActiveCfg = Debug|Any CPU
		{D7ABCA1E-B033-4783-9658-C6757B6BD38F}.Debug|Any CPU.Build.0 = Debug|Any CPU
		{D7ABCA1E-B033-4783-9658-C6757B6BD38F}.Release|Any CPU.ActiveCfg = Release|Any CPU
		{D7ABCA1E-B033-4783-9658-C6757B6BD38F}.Release|Any CPU.Build.0 = Release|Any CPU
		{0148210E-6601-4EB7-92A2-9162E7FA0DEA}.Debug|Any CPU.ActiveCfg = Debug|Any CPU
		{0148210E-6601-4EB7-92A2-9162E7FA0DEA}.Debug|Any CPU.Build.0 = Debug|Any CPU
		{0148210E-6601-4EB7-92A2-9162E7FA0DEA}.Release|Any CPU.ActiveCfg = Release|Any CPU
		{0148210E-6601-4EB7-92A2-9162E7FA0DEA}.Release|Any CPU.Build.0 = Release|Any CPU
	EndGlobalSection
	GlobalSection(SolutionProperties) = preSolution
		HideSolutionNode = FALSE
	EndGlobalSection
	GlobalSection(ExtensibilityGlobals) = postSolution
		SolutionGuid = {11FF7FF4-9108-4EBD-BB4A-57D6043EB22F}
	EndGlobalSection
EndGlobal
